description: Uses the default architecture, latest nancy version, and expects a 'Gopkg.lock' file in the root of your project.
usage:
  version: 2.1

  orbs:
    nancy: sonatype-nexus-community/circleci-nancy-orb@x.y.z

  jobs:
    job-nancy:
      executor: nancy/golang-executor
      steps:
        - checkout
        - nancy/install
        - nancy/run-modfile

  workflows:
    main:
      jobs:
        - job-nancy
